{
  "pins" : [
    {
      "identity" : "wsnetworking",
      "kind" : "remoteSourceControl",
      "location" : "https://github.com/AndriiAntoniak/WSNetworking",
      "state" : {
        "revision" : "fb3265a7937ed13c679be568a45986fe7384c499",
        "version" : "1.0.2"
      }
    }
  ],
  "version" : 2
}
